
Microsoft Visual Studio Solution File, Format Version 12.00
# Visual Studio Version 17
VisualStudioVersion = 17.0.31903.59
MinimumVisualStudioVersion = 10.0.40219.1
Project("{9A19103F-16F7-4668-BE54-9A1E7A4F7556}") = "ServicoPrime", "ServicoPrime\ServicoPrime.csproj", "{D4BA5D8F-691E-45C1-83B3-92E73844B417}"
EndProject
Project("{9A19103F-16F7-4668-BE54-9A1E7A4F7556}") = "ServicoPrime.Teste", "ServicoPrime.Teste\ServicoPrime.Teste.csproj", "{AFA8DBAC-6523-4EF8-AD82-800694A12CBE}"
EndProject
Global
	GlobalSection(SolutionConfigurationPlatforms) = preSolution
		Debug|Any CPU = Debug|Any CPU
		Release|Any CPU = Release|Any CPU
	EndGlobalSection
	GlobalSection(ProjectConfigurationPlatforms) = postSolution
		{D4BA5D8F-691E-45C1-83B3-92E73844B417}.Debug|Any CPU.ActiveCfg = Debug|Any CPU
		{D4BA5D8F-691E-45C1-83B3-92E73844B417}.Debug|Any CPU.Build.0 = Debug|Any CPU
		{D4BA5D8F-691E-45C1-83B3-92E73844B417}.Release|Any CPU.ActiveCfg = Release|Any CPU
		{D4BA5D8F-691E-45C1-83B3-92E73844B417}.Release|Any CPU.Build.0 = Release|Any CPU
		{AFA8DBAC-6523-4EF8-AD82-800694A12CBE}.Debug|Any CPU.ActiveCfg = Debug|Any CPU
		{AFA8DBAC-6523-4EF8-AD82-800694A12CBE}.Debug|Any CPU.Build.0 = Debug|Any CPU
		{AFA8DBAC-6523-4EF8-AD82-800694A12CBE}.Release|Any CPU.ActiveCfg = Release|Any CPU
		{AFA8DBAC-6523-4EF8-AD82-800694A12CBE}.Release|Any CPU.Build.0 = Release|Any CPU
	EndGlobalSection
	GlobalSection(SolutionProperties) = preSolution
		HideSolutionNode = FALSE
	EndGlobalSection
	GlobalSection(ExtensibilityGlobals) = postSolution
		SolutionGuid = {3F9FCB49-97B4-463A-9004-A1F14F4114F0}
	EndGlobalSection
EndGlobal
